---
lockfileVersion: '9.0'

importers:

  .:
    configDependencies: {}
    packageManagerDependencies:
      '@pnpm/exe':
        specifier: 11.24.0
        version: 11.24.0
      pnpm:
        specifier: 11.24.0
        version: 11.24.0

packages:

  '@pnpm/exe@11.24.0':
    resolution: {integrity: sha512-yCZWlhNOB3GS0I2uZC/CggwGZ+TLVLbOuBcMbVWXKFYJOg/0gnQw8eIN6YZLA+eeSvfHEvS79IDdbwu5CMQR0g==}
    hasBin: true

  '@pnpm/linux-arm64@11.24.0':
    resolution: {integrity: sha512-wgAF82SnMfWU8/xb0VLszKJYqL+MDHMMGz42s4jW+GIFUGYna/xG5VXUxgcv2FaZhJ2GbyZVUf2f/UJs6nb+zA==}
    cpu: [arm64]
    os: [linux]

  '@pnpm/linux-x64@11.24.0':
    resolution: {integrity: sha512-94e4GRvFB5hEwr9subLHLF2q3+DduKFPh2FE0+F7fgqt1Bs86gDxjJ7bbQCpTX2X4j6cUTA5Hc0HFzMz4xKnaA==}
    cpu: [x64]
    os: [linux]

  '@pnpm/linuxstatic-arm64@11.24.0':
    resolution: {integrity: sha512-1Vwk+M5fzjg364SDZfrtaZfthsy1THS9eSdH7dpBaG0l3HbLusQrh8labRlpMmK8KyQXcI1FvYLzPZVuAGGPng==}
    cpu: [arm64]
    os: [linux]
    libc: [musl]

  '@pnpm/linuxstatic-x64@11.24.0':
    resolution: {integrity: sha512-oyPChWYdJpJMDnwtCFNzupD+GEO4G6DDMARuZfBrCUgqRm1h2KDcVCqk9IbfFBfxWdK+bVHJpA9Qp3nlL6/thw==}
    cpu: [x64]
    os: [linux]
    libc: [musl]

  '@pnpm/macos-arm64@11.24.0':
    resolution: {integrity: sha512-nBzaOkR4D7HiuJRwlpk1aqaA/Wai11/zuCZjH5ZUe6fq86UWsqME0u3/F5K0j7yN8X2h7iKiApAaVmbfYMIc6A==}
    cpu: [arm64]
    os: [darwin]

  '@pnpm/win-arm64@11.24.0':
    resolution: {integrity: sha512-ECLc0U/5cnXRkBrpO/dW+x1Y+a2CCqS4l171H7+YOQNcSaCAWlezP3YNvuO+5awwGWHIW7KEXbBruu5n50zVuA==}
    cpu: [arm64]
    os: [win32]

  '@pnpm/win-x64@11.24.0':
    resolution: {integrity: sha512-2wgDrs2SiyBoU6Yw1A8QLLqBABWHwuMMQOU85k7ZMut/W94u/oizrDQiyfJyW9XzYCz4Dn2iw7OHx+3R2x7mEQ==}
    cpu: [x64]
    os: [win32]

  '@reflink/reflink-darwin-arm64@0.1.19':
    resolution: {integrity: sha512-ruy44Lpepdk1FqDz38vExBY/PVUsjxZA+chd9wozjUH9JjuDT/HEaQYA6wYN9mf041l0yLVar6BCZuWABJvHSA==}
    engines: {node: '>= 10'}
    cpu: [arm64]
    os: [darwin]

  '@reflink/reflink-darwin-x64@0.1.19':
    resolution: {integrity: sha512-By85MSWrMZa+c26TcnAy8SDk0sTUkYlNnwknSchkhHpGXOtjNDUOxJE9oByBnGbeuIE1PiQsxDG3Ud+IVV9yuA==}
    engines: {node: '>= 10'}
    cpu: [x64]
    os: [darwin]

  '@reflink/reflink-linux-arm64-gnu@0.1.19':
    resolution: {integrity: sha512-7P+er8+rP9iNeN+bfmccM4hTAaLP6PQJPKWSA4iSk2bNvo6KU6RyPgYeHxXmzNKzPVRcypZQTpFgstHam6maVg==}
    engines: {node: '>= 10'}
    cpu: [arm64]
    os: [linux]
    libc: [glibc]

  '@reflink/reflink-linux-arm64-musl@0.1.19':
    resolution: {integrity: sha512-37iO/Dp6m5DDaC2sf3zPtx/hl9FV3Xze4xoYidrxxS9bgP3S8ALroxRK6xBG/1TtfXKTvolvp+IjrUU6ujIGmA==}
    engines: {node: '>= 10'}
    cpu: [arm64]
    os: [linux]
    libc: [musl]

  '@reflink/reflink-linux-x64-gnu@0.1.19':
    resolution: {integrity: sha512-jbI8jvuYCaA3MVUdu8vLoLAFqC+iNMpiSuLbxlAgg7x3K5bsS8nOpTRnkLF7vISJ+rVR8W+7ThXlXlUQ93ulkw==}
    engines: {node: '>= 10'}
    cpu: [x64]
    os: [linux]
    libc: [glibc]

  '@reflink/reflink-linux-x64-musl@0.1.19':
    resolution: {integrity: sha512-e9FBWDe+lv7QKAwtKOt6A2W/fyy/aEEfr0g6j/hWzvQcrzHCsz07BNQYlNOjTfeytrtLU7k449H1PI95jA4OjQ==}
    engines: {node: '>= 10'}
    cpu: [x64]
    os: [linux]
    libc: [musl]

  '@reflink/reflink-win32-arm64-msvc@0.1.19':
    resolution: {integrity: sha512-09PxnVIQcd+UOn4WAW73WU6PXL7DwGS6wPlkMhMg2zlHHG65F3vHepOw06HFCq+N42qkaNAc8AKIabWvtk6cIQ==}
    engines: {node: '>= 10'}
    cpu: [arm64]
    os: [win32]

  '@reflink/reflink-win32-x64-msvc@0.1.19':
    resolution: {integrity: sha512-E//yT4ni2SyhwP8JRjVGWr3cbnhWDiPLgnQ66qqaanjjnMiu3O/2tjCPQXlcGc/DEYofpDc9fvhv6tALQsMV9w==}
    engines: {node: '>= 10'}
    cpu: [x64]
    os: [win32]

  '@reflink/reflink@0.1.19':
    resolution: {integrity: sha512-DmCG8GzysnCZ15bres3N5AHCmwBwYgp0As6xjhQ47rAUTUXxJiK+lLUxaGsX3hd/30qUpVElh05PbGuxRPgJwA==}
    engines: {node: '>= 10'}

  detect-libc@2.1.2:
    resolution: {integrity: sha512-Btj2BOOO83o3WyH59e8MgXsxEQVcarkUOpEYrubB0urwnN10yQ364rsiByU11nZlqWYZm05i/of7io4mzihBtQ==}
    engines: {node: '>=8'}

  pnpm@11.24.0:
    resolution: {integrity: sha512-vSfjRel23LC+C3oSKCF7BJqBfiGx81XJDb59xGZxiVqLwebQbCRVRQXqk+oLRfSJon7Bv7yN5qlln8oPFvoAAA==}
    engines: {node: '>=22.13'}
    hasBin: true

snapshots:

  '@pnpm/exe@11.24.0':
    dependencies:
      '@reflink/reflink': 0.1.19
      detect-libc: 2.1.2
    optionalDependencies:
      '@pnpm/linux-arm64': 11.24.0
      '@pnpm/linux-x64': 11.24.0
      '@pnpm/linuxstatic-arm64': 11.24.0
      '@pnpm/linuxstatic-x64': 11.24.0
      '@pnpm/macos-arm64': 11.24.0
      '@pnpm/win-arm64': 11.24.0
      '@pnpm/win-x64': 11.24.0

  '@pnpm/linux-arm64@11.24.0':
    optional: true

  '@pnpm/linux-x64@11.24.0':
    optional: true

  '@pnpm/linuxstatic-arm64@11.24.0':
    optional: true

  '@pnpm/linuxstatic-x64@11.24.0':
    optional: true

  '@pnpm/macos-arm64@11.24.0':
    optional: true

  '@pnpm/win-arm64@11.24.0':
    optional: true

  '@pnpm/win-x64@11.24.0':
    optional: true

  '@reflink/reflink-darwin-arm64@0.1.19':
    optional: true

  '@reflink/reflink-darwin-x64@0.1.19':
    optional: true

  '@reflink/reflink-linux-arm64-gnu@0.1.19':
    optional: true

  '@reflink/reflink-linux-arm64-musl@0.1.19':
    optional: true

  '@reflink/reflink-linux-x64-gnu@0.1.19':
    optional: true

  '@reflink/reflink-linux-x64-musl@0.1.19':
    optional: true

  '@reflink/reflink-win32-arm64-msvc@0.1.19':
    optional: true

  '@reflink/reflink-win32-x64-msvc@0.1.19':
    optional: true

  '@reflink/reflink@0.1.19':
    optionalDependencies:
      '@reflink/reflink-darwin-arm64': 0.1.19
      '@reflink/reflink-darwin-x64': 0.1.19
      '@reflink/reflink-linux-arm64-gnu': 0.1.19
      '@reflink/reflink-linux-arm64-musl': 0.1.19
      '@reflink/reflink-linux-x64-gnu': 0.1.19
      '@reflink/reflink-linux-x64-musl': 0.1.19
      '@reflink/reflink-win32-arm64-msvc': 0.1.19
      '@reflink/reflink-win32-x64-msvc': 0.1.19

  detect-libc@2.1.2: {}

  pnpm@11.24.0: {}

---
lockfileVersion: '9.0'

settings:
  autoInstallPeers: true
  excludeLinksFromLockfile: false

importers:

  .:
    dependencies:
      '@excalidraw/common':
        specifier: 0.18.0-4e471c107
        version: 0.18.0-4e471c107
      '@excalidraw/element':
        specifier: 0.18.0-4e471c107
        version: 0.18.0-4e471c107
      '@excalidraw/math':
        specifier: 0.18.0-4e471c107
        version: 0.18.0-4e471c107
      lit:
        specifier: ^3.3.3
        version: 3.3.3
      perfect-freehand:
        specifier: 1.2.0
        version: 1.2.0
      png-chunk-text:
        specifier: 1.0.0
        version: 1.0.0
      png-chunks-encode:
        specifier: 1.0.0
        version: 1.0.0
      png-chunks-extract:
        specifier: 1.0.0
        version: 1.0.0
      roughjs:
        specifier: 4.6.4
        version: 4.6.4
    devDependencies:
      sass:
        specifier: 1.51.0
        version: 1.51.0
      typescript:
        specifier: 5.9.3
        version: 5.9.3
      vite:
        specifier: 5.0.12
        version: 5.0.12(sass@1.51.0)

packages:

  '@esbuild/aix-ppc64@0.19.12':
    resolution: {integrity: sha512-bmoCYyWdEL3wDQIVbcyzRyeKLgk2WtWLTWz1ZIAZF/EGbNOwSA6ew3PftJ1PqMiOOGu0OyFMzG53L0zqIpPeNA==}
    engines: {node: '>=12'}
    cpu: [ppc64]
    os: [aix]

  '@esbuild/android-arm64@0.19.12':
    resolution: {integrity: sha512-P0UVNGIienjZv3f5zq0DP3Nt2IE/3plFzuaS96vihvD0Hd6H/q4WXUGpCxD/E8YrSXfNyRPbpTq+T8ZQioSuPA==}
    engines: {node: '>=12'}
    cpu: [arm64]
    os: [android]

  '@esbuild/android-arm@0.19.12':
    resolution: {integrity: sha512-qg/Lj1mu3CdQlDEEiWrlC4eaPZ1KztwGJ9B6J+/6G+/4ewxJg7gqj8eVYWvao1bXrqGiW2rsBZFSX3q2lcW05w==}
    engines: {node: '>=12'}
    cpu: [arm]
    os: [android]

  '@esbuild/android-x64@0.19.12':
    resolution: {integrity: sha512-3k7ZoUW6Q6YqhdhIaq/WZ7HwBpnFBlW905Fa4s4qWJyiNOgT1dOqDiVAQFwBH7gBRZr17gLrlFCRzF6jFh7Kew==}
    engines: {node: '>=12'}
    cpu: [x64]
    os: [android]

  '@esbuild/darwin-arm64@0.19.12':
    resolution: {integrity: sha512-B6IeSgZgtEzGC42jsI+YYu9Z3HKRxp8ZT3cqhvliEHovq8HSX2YX8lNocDn79gCKJXOSaEot9MVYky7AKjCs8g==}
    engines: {node: '>=12'}
    cpu: [arm64]
    os: [darwin]

  '@esbuild/darwin-x64@0.19.12':
    resolution: {integrity: sha512-hKoVkKzFiToTgn+41qGhsUJXFlIjxI/jSYeZf3ugemDYZldIXIxhvwN6erJGlX4t5h417iFuheZ7l+YVn05N3A==}
    engines: {node: '>=12'}
    cpu: [x64]
    os: [darwin]

  '@esbuild/freebsd-arm64@0.19.12':
    resolution: {integrity: sha512-4aRvFIXmwAcDBw9AueDQ2YnGmz5L6obe5kmPT8Vd+/+x/JMVKCgdcRwH6APrbpNXsPz+K653Qg8HB/oXvXVukA==}
    engines: {node: '>=12'}
    cpu: [arm64]
    os: [freebsd]

  '@esbuild/freebsd-x64@0.19.12':
    resolution: {integrity: sha512-EYoXZ4d8xtBoVN7CEwWY2IN4ho76xjYXqSXMNccFSx2lgqOG/1TBPW0yPx1bJZk94qu3tX0fycJeeQsKovA8gg==}
    engines: {node: '>=12'}
    cpu: [x64]
    os: [freebsd]

  '@esbuild/linux-arm64@0.19.12':
    resolution: {integrity: sha512-EoTjyYyLuVPfdPLsGVVVC8a0p1BFFvtpQDB/YLEhaXyf/5bczaGeN15QkR+O4S5LeJ92Tqotve7i1jn35qwvdA==}
    engines: {node: '>=12'}
    cpu: [arm64]
    os: [linux]

  '@esbuild/linux-arm@0.19.12':
    resolution: {integrity: sha512-J5jPms//KhSNv+LO1S1TX1UWp1ucM6N6XuL6ITdKWElCu8wXP72l9MM0zDTzzeikVyqFE6U8YAV9/tFyj0ti+w==}
    engines: {node: '>=12'}
    cpu: [arm]
    os: [linux]

  '@esbuild/linux-ia32@0.19.12':
    resolution: {integrity: sha512-Thsa42rrP1+UIGaWz47uydHSBOgTUnwBwNq59khgIwktK6x60Hivfbux9iNR0eHCHzOLjLMLfUMLCypBkZXMHA==}
    engines: {node: '>=12'}
    cpu: [ia32]
    os: [linux]

  '@esbuild/linux-loong64@0.19.12':
    resolution: {integrity: sha512-LiXdXA0s3IqRRjm6rV6XaWATScKAXjI4R4LoDlvO7+yQqFdlr1Bax62sRwkVvRIrwXxvtYEHHI4dm50jAXkuAA==}
    engines: {node: '>=12'}
    cpu: [loong64]
    os: [linux]

  '@esbuild/linux-mips64el@0.19.12':
    resolution: {integrity: sha512-fEnAuj5VGTanfJ07ff0gOA6IPsvrVHLVb6Lyd1g2/ed67oU1eFzL0r9WL7ZzscD+/N6i3dWumGE1Un4f7Amf+w==}
    engines: {node: '>=12'}
    cpu: [mips64el]
    os: [linux]

  '@esbuild/linux-ppc64@0.19.12':
    resolution: {integrity: sha512-nYJA2/QPimDQOh1rKWedNOe3Gfc8PabU7HT3iXWtNUbRzXS9+vgB0Fjaqr//XNbd82mCxHzik2qotuI89cfixg==}
    engines: {node: '>=12'}
    cpu: [ppc64]
    os: [linux]

  '@esbuild/linux-riscv64@0.19.12':
    resolution: {integrity: sha512-2MueBrlPQCw5dVJJpQdUYgeqIzDQgw3QtiAHUC4RBz9FXPrskyyU3VI1hw7C0BSKB9OduwSJ79FTCqtGMWqJHg==}
    engines: {node: '>=12'}
    cpu: [riscv64]
    os: [linux]

  '@esbuild/linux-s390x@0.19.12':
    resolution: {integrity: sha512-+Pil1Nv3Umes4m3AZKqA2anfhJiVmNCYkPchwFJNEJN5QxmTs1uzyy4TvmDrCRNT2ApwSari7ZIgrPeUx4UZDg==}
    engines: {node: '>=12'}
    cpu: [s390x]
    os: [linux]

  '@esbuild/linux-x64@0.19.12':
    resolution: {integrity: sha512-B71g1QpxfwBvNrfyJdVDexenDIt1CiDN1TIXLbhOw0KhJzE78KIFGX6OJ9MrtC0oOqMWf+0xop4qEU8JrJTwCg==}
    engines: {node: '>=12'}
    cpu: [x64]
    os: [linux]

  '@esbuild/netbsd-x64@0.19.12':
    resolution: {integrity: sha512-3ltjQ7n1owJgFbuC61Oj++XhtzmymoCihNFgT84UAmJnxJfm4sYCiSLTXZtE00VWYpPMYc+ZQmB6xbSdVh0JWA==}
    engines: {node: '>=12'}
    cpu: [x64]
    os: [netbsd]

  '@esbuild/openbsd-x64@0.19.12':
    resolution: {integrity: sha512-RbrfTB9SWsr0kWmb9srfF+L933uMDdu9BIzdA7os2t0TXhCRjrQyCeOt6wVxr79CKD4c+p+YhCj31HBkYcXebw==}
    engines: {node: '>=12'}
    cpu: [x64]
    os: [openbsd]

  '@esbuild/sunos-x64@0.19.12':
    resolution: {integrity: sha512-HKjJwRrW8uWtCQnQOz9qcU3mUZhTUQvi56Q8DPTLLB+DawoiQdjsYq+j+D3s9I8VFtDr+F9CjgXKKC4ss89IeA==}
    engines: {node: '>=12'}
    cpu: [x64]
    os: [sunos]

  '@esbuild/win32-arm64@0.19.12':
    resolution: {integrity: sha512-URgtR1dJnmGvX864pn1B2YUYNzjmXkuJOIqG2HdU62MVS4EHpU2946OZoTMnRUHklGtJdJZ33QfzdjGACXhn1A==}
    engines: {node: '>=12'}
    cpu: [arm64]
    os: [win32]

  '@esbuild/win32-ia32@0.19.12':
    resolution: {integrity: sha512-+ZOE6pUkMOJfmxmBZElNOx72NKpIa/HFOMGzu8fqzQJ5kgf6aTGrcJaFsNiVMH4JKpMipyK+7k0n2UXN7a8YKQ==}
    engines: {node: '>=12'}
    cpu: [ia32]
    os: [win32]

  '@esbuild/win32-x64@0.19.12':
    resolution: {integrity: sha512-T1QyPSDCyMXaO3pzBkF96E8xMkiRYbUEZADd29SyPGabqxMViNoii+NcK7eWJAEoU6RZyEm5lVSIjTmcdoB9HA==}
    engines: {node: '>=12'}
    cpu: [x64]
    os: [win32]

  '@excalidraw/common@0.18.0-4e471c107':
    resolution: {integrity: sha512-qaygf3yL36CHqYEBeoZO+XkE7AcllXIakNju+WVoO1A3IHPErnvwiMm33UgV16pZOSFApq2hhSPieKgeru9dsQ==}

  '@excalidraw/element@0.18.0-4e471c107':
    resolution: {integrity: sha512-LSEI8JdFWJUbV54tctfr6gEPO3NlMM2YtPywVQG/3p98clXJJPiaDrYkO9/Pl/A4V1rh81Ow1SwNECuZvEe7MQ==}

  '@excalidraw/math@0.18.0-4e471c107':
    resolution: {integrity: sha512-txC6MSc+bMt+S6NePf32mICY+3IZxLT6rl5ZaDWAmmln0MYF35u8+FZIVMAzjuP8z3OZE65XPVERUpdd4PmeFg==}

  '@lit-labs/ssr-dom-shim@1.6.0':
    resolution: {integrity: sha512-VHb0ALPMTlgKjM6yIxxoQNnpKyUKLD04VzeQdsiXkMqkvYlAHxq9glGLmgbb889/1GsohSOAjvQYoiBppXFqrQ==}

  '@lit/reactive-element@2.1.2':
    resolution: {integrity: sha512-pbCDiVMnne1lYUIaYNN5wrwQXDtHaYtg7YEFPeW+hws6U47WeFvISGUWekPGKWOP1ygrs0ef0o1VJMk1exos5A==}

  '@napi-rs/lzma-linux-x64-gnu@1.5.1':
    resolution: {integrity: sha512-oTXEIha4SsuXdTA4Iyskj0kpdx2yVXdhd75c2v3xGrHFfVMsbhTPZU/nMPL4sWKo4pBHm3aucLaqGlF696dTyQ==}
    engines: {node: ^22.20 || ^24.12 || >=25}
    cpu: [x64]
    os: [linux]
    libc: [glibc]

  '@rollup/rollup-android-arm-eabi@4.63.2':
    resolution: {integrity: sha512-Xa6RDoWa+hNiX6PgsljlH6W75RaONx3y6PVlbLhkEWW+GaPQ3dP5gwbL/erAzQHWwkvW5UxdD5l87Qx2FAQ/4A==}
    cpu: [arm]
    os: [android]

  '@rollup/rollup-android-arm64@4.63.2':
    resolution: {integrity: sha512-vNASxsghMfQ5s+v3PrpnJd+ryL/26lxCCaGI+sDJ7VzmHiYXIrrVltsDhaawxLM1WcoMU2oYlbPHLaYQtBzhcg==}
    cpu: [arm64]
    os: [android]

  '@rollup/rollup-darwin-arm64@4.63.2':
    resolution: {integrity: sha512-0dWDjmlrpZAgjPD/aPzUDhBW8APLRjAni5bOrM76wiiZm+E+KTMVKNhAzaTBohz8UyO2fKNAl0+fygbe2HZXOA==}
    cpu: [arm64]
    os: [darwin]

  '@rollup/rollup-darwin-x64@4.63.2':
    resolution: {integrity: sha512-N58uktcwzk3+qT4KHEuNdIxX1N01RWrkfVoml69EAbSaNDL+sbNVLx2RMl4Qd23lpA0fgPvyh5hHb4weD5WKmg==}
    cpu: [x64]
    os: [darwin]

  '@rollup/rollup-freebsd-arm64@4.63.2':
    resolution: {integrity: sha512-HWF2zH8EAp2scWRpt2PGe6iUGz7zi04waXsdRr3zb4DWCk2ImIo5FZu0jjmD53nP/DGSvnW0e7/1ToCNZs2lZw==}
    cpu: [arm64]
    os: [freebsd]

  '@rollup/rollup-freebsd-x64@4.63.2':
    resolution: {integrity: sha512-MkvcwHMnzPSMOQEwB6wHnLzmc+hT8BGc5bW/Mhmjjgx3wbj6VBnlc47XsK74kD0K9MikFfXpQqyz4NUXaUW62A==}
    cpu: [x64]
    os: [freebsd]

  '@rollup/rollup-linux-arm-gnueabihf@4.63.2':
    resolution: {integrity: sha512-xe1bCKPJaKsD0tfd7Rb6bGfUogJTpKbTEEthsfdb7hTfTRNJVQTdirabQx0o6ERVba/smkM720soMY+0QnrlSQ==}
    cpu: [arm]
    os: [linux]
    libc: [glibc]

  '@rollup/rollup-linux-arm-musleabihf@4.63.2':
    resolution: {integrity: sha512-yOM7LdK0p6gk6+Q773OEwtlsikT1TL3yMmYsTtRlDRPha5vV2DC5x7LqRWDr6f3cSYNMKVqxzffXv8ivxNBIFQ==}
    cpu: [arm]
    os: [linux]
    libc: [musl]

  '@rollup/rollup-linux-arm64-gnu@4.63.2':
    resolution: {integrity: sha512-qiWuJJV3DybA2IfzvRimeKXGrGuVPv1zobSY/26KnP3HbV0VcNb3ECzgvtbvF3xjSMkcooou6HASXZuLdjnhpQ==}
    cpu: [arm64]
    os: [linux]
    libc: [glibc]

  '@rollup/rollup-linux-arm64-musl@4.63.2':
    resolution: {integrity: sha512-akcZquRzCY/KpUoZAMBhGf7oi4LmXq1BzRA5CPAC3rkUf28Y/sAYV3jSL+JKd7cwEyFvR5G0XVZ0gaMedP+60A==}
    cpu: [arm64]
    os: [linux]
    libc: [musl]

  '@rollup/rollup-linux-loong64-gnu@4.63.2':
    resolution: {integrity: sha512-fNwYHrPyYyxauPzX/cpYw8Z7LQpp+DGA0KCoswA0aVFBpmdMil9XgjB8V3Ny64Ihu797+GKcuJqnsOKEmor7fA==}
    cpu: [loong64]
    os: [linux]
    libc: [glibc]

  '@rollup/rollup-linux-loong64-musl@4.63.2':
    resolution: {integrity: sha512-XfvsgzR7DZqREdst7K1Mj3ilSUM5xLAHJcIMDFPKdxTs9q5VHOT8aMA+a683fqBu7DQl8+Sd9HCsQYL8EMY9qA==}
    cpu: [loong64]
    os: [linux]
    libc: [musl]

  '@rollup/rollup-linux-ppc64-gnu@4.63.2':
    resolution: {integrity: sha512-Pp7gVZggEFlbcuztay+/U0gVG9S1XAh8i7I1Re/htbAzo43P5wHZHw6pTyzotISqlKohoh9RpIfnOz3RbemK1w==}
    cpu: [ppc64]
    os: [linux]
    libc: [glibc]

  '@rollup/rollup-linux-ppc64-musl@4.63.2':
    resolution: {integrity: sha512-zkgL2xff6i7u5hau/m6FGeS8gRkLEdgLw522WGmdWWlLd9btmNl3S80mcEjtGq+kvgUekQ3+BOYLLLcPlS2LIA==}
    cpu: [ppc64]
    os: [linux]
    libc: [musl]

  '@rollup/rollup-linux-riscv64-gnu@4.63.2':
    resolution: {integrity: sha512-qOheJomrkVCbbHFJ7L3J97cnhfogKqguAQphv26+3ZsAQIF1L19b+dArl//s8rjJHJLz9byykyM8NBP4nmSa1g==}
    cpu: [riscv64]
    os: [linux]
    libc: [glibc]

  '@rollup/rollup-linux-riscv64-musl@4.63.2':
    resolution: {integrity: sha512-XlxLD54wQhH3FciCgMofxBw27NzUe818gJH410qWvc41UT0ZFcgxVjyX5/EK8MPTupjeVWqN5oy+9pCA9mqfCA==}
    cpu: [riscv64]
    os: [linux]
    libc: [musl]

  '@rollup/rollup-linux-s390x-gnu@4.63.2':
    resolution: {integrity: sha512-vdryWeRb2bLJZf0Fv/W8se6nvsHe2PkTCxV0meheK3nQE+G90VCJcke51Miy1yQRsfm2uqIyjXOu4wmUzbTtkQ==}
    cpu: [s390x]
    os: [linux]
    libc: [glibc]

  '@rollup/rollup-linux-x64-gnu@4.63.2':
    resolution: {integrity: sha512-bcq2h2pkKmH2po4cZV8VWzO4lL40STyu/nLoFpYMQp9C2tCVNTdcVv86MwSsn3D5s1FBe2Ty1atqvVAUTMimNg==}
    cpu: [x64]
    os: [linux]
    libc: [glibc]

  '@rollup/rollup-linux-x64-musl@4.63.2':
    resolution: {integrity: sha512-EGoo5DMVMRkTId8fuTDaoxVlR5ZTsKULUezRjd9gCw5eeY+DjCvDpZAOlNUvKPGX+7rS1RWx6j+yOpNPx0cUgQ==}
    cpu: [x64]
    os: [linux]
    libc: [musl]

  '@rollup/rollup-openbsd-x64@4.63.2':
    resolution: {integrity: sha512-MErl12k7BFHZG1TI9QF/3lSSZARzq9KgNy/FjnqFMCkv+N4RSSzoUCA5h2mqHX4Mox3WaTVKblyzhQ1zRb2ZuQ==}
    cpu: [x64]
    os: [openbsd]

  '@rollup/rollup-openharmony-arm64@4.63.2':
    resolution: {integrity: sha512-ILs8k07Wh4p0PsNY4wYLEaXZKMOpVhrG5QDB0yHhGhuzOfDlnyHN6sflL4El/MpUP1y8uY2lUZrv4oBS6pTT3g==}
    cpu: [arm64]
    os: [openharmony]

  '@rollup/rollup-win32-arm64-msvc@4.63.2':
    resolution: {integrity: sha512-hKgB3nz/TKD3Wv78XEsyXzQsNjvhOHmwKQTvXADGOyU/cIClZDO7DsoggbdmJDPGp5V80tA3Vfv61PaKTLH3LA==}
    cpu: [arm64]
    os: [win32]

  '@rollup/rollup-win32-ia32-msvc@4.63.2':
    resolution: {integrity: sha512-T4wf1mudIDxN8Q/CWIBJC1u5gQUc+r5mPvlwoSbIvNkyVTP2TAFeobEmst5AQ4gMyAz4sSByVdoTDfvTmGK/8g==}
    cpu: [ia32]
    os: [win32]

  '@rollup/rollup-win32-x64-gnu@4.63.2':
    resolution: {integrity: sha512-tC3IY7qoaD9Ll3/8WJQn49j5V2f/NuI9S41NOE2iM5MPs3sPIvOkVToLcz/7Bz4pyF7PSvrtwu8I/pUrGOSecQ==}
    cpu: [x64]
    os: [win32]

  '@rollup/rollup-win32-x64-msvc@4.63.2':
    resolution: {integrity: sha512-6NHnk/K3eq2ZFYcU1X8g67s9qIJRCOTT92gwLMVBp08dB2uuuwI1/Q/empzL2Bfr2f2WRLJVwpp90RmacQyFkw==}
    cpu: [x64]
    os: [win32]

  '@types/estree@1.0.9':
    resolution: {integrity: sha512-GhdPgy1el4/ImP05X05Uw4cw2/M93BCUmnEvWZNStlCzEKME4Fkk+YpoA5OiHNQmoS7Cafb8Xa3Pya8m1Qrzeg==}

  '@types/trusted-types@2.0.7':
    resolution: {integrity: sha512-ScaPdn1dQczgbl0QFTeTOmVHFULt394XJgOQNoyVhZ6r2vLnMLJfBPd53SB52T/3G36VI1/g2MZaX0cwDuXsfw==}

  anymatch@3.1.3:
    resolution: {integrity: sha512-KMReFUr0B4t+D+OBkjR3KYqvocp2XaSzO55UcB6mgQMd3KbcE+mWTyvVV7D/zsdEbNnV6acZUutkiHQXvTr1Rw==}
    engines: {node: '>= 8'}

  binary-extensions@2.3.0:
    resolution: {integrity: sha512-Ceh+7ox5qe7LJuLHoY0feh3pHuUDHAcRUeyL2VYghZwfpkNIy/+8Ocg0a3UuSoYzavmylwuLWQOf3hl0jjMMIw==}
    engines: {node: '>=8'}

  braces@3.0.3:
    resolution: {integrity: sha512-yQbXgO/OSZVD2IsiLlro+7Hf6Q18EJrKSEsdoMzKePKXct3gvD8oLcOQdIzGupr5Fj+EDe8gO/lxc1BzfMpxvA==}
    engines: {node: '>=8'}

  chokidar@3.6.0:
    resolution: {integrity: sha512-7VT13fmjotKpGipCW9JEQAusEPE+Ei8nl6/g4FBAmIm0GOOLMua9NDDo/DWp0ZAxCr3cPq5ZpBqmPAQgDda2Pw==}
    engines: {node: '>= 8.10.0'}

  crc-32@0.3.0:
    resolution: {integrity: sha512-kucVIjOmMc1f0tv53BJ/5WIX+MGLcKuoBhnGqQrgKJNqLByb/sVMWfW/Aw6hw0jgcqjJ2pi9E5y32zOIpaUlsA==}
    engines: {node: '>=0.8'}

  esbuild@0.19.12:
    resolution: {integrity: sha512-aARqgq8roFBj054KvQr5f1sFu0D65G+miZRCuJyJ0G13Zwx7vRar5Zhn2tkQNzIXcBrNVsv/8stehpj+GAjgbg==}
    engines: {node: '>=12'}
    hasBin: true

  fill-range@7.1.1:
    resolution: {integrity: sha512-YsGpe3WHLK8ZYi4tWDg2Jy3ebRz2rXowDxnld4bkQB00cc/1Zw9AWnC0i9ztDJitivtQvaI9KaLyKrc+hBW0yg==}
    engines: {node: '>=8'}

  fsevents@2.3.3:
    resolution: {integrity: sha512-5xoDfX+fL7faATnagmWPpbFtwh/R77WmMMqqHGS65C3vvB0YHrgF+B1YmZ3441tMj5n63k0212XNoJwzlhffQw==}
    engines: {node: ^8.16.0 || ^10.6.0 || >=11.0.0}
    os: [darwin]

  glob-parent@5.1.2:
    resolution: {integrity: sha512-AOIgSQCepiJYwP3ARnGx+5VnTu2HBYdzbGP45eLw1vr3zB3vZLeyed1sC9hnbcOc9/SrMyM5RPQrkGz4aS9Zow==}
    engines: {node: '>= 6'}

  hachure-fill@0.5.2:
    resolution: {integrity: sha512-3GKBOn+m2LX9iq+JC1064cSFprJY4jL1jCXTcpnfER5HYE2l/4EfWSGzkPa/ZDBmYI0ZOEj5VHV/eKnPGkHuOg==}

  immutable@4.3.9:
    resolution: {integrity: sha512-ObHy4YN7ycwZOUCLI1/6svfyAFu7vL8RhAvVu/bh/RZW9EPlOyDaQ9jDQWCtdqzaXUjgXZCW1migtHE7YI7UGQ==}

  is-binary-path@2.1.0:
    resolution: {integrity: sha512-ZMERYes6pDydyuGidse7OsHxtbI7WVeUEozgR/g7rd0xUimYNlvZRE/K2MgZTjWy725IfelLeVcEM97mmtRGXw==}
    engines: {node: '>=8'}

  is-extglob@2.1.1:
    resolution: {integrity: sha512-SbKbANkN603Vi4jEZv49LeVJMn4yGwsbzZworEoyEiutsN3nJYdbO36zfhGJ6QEDpOZIFkDtnq5JRxmvl3jsoQ==}
    engines: {node: '>=0.10.0'}

  is-glob@4.0.3:
    resolution: {integrity: sha512-xelSayHH36ZgE7ZWhli7pW34hNbNl8Ojv5KVmkJD4hBdD3th8Tfk9vYasLM+mXWOZhFkgZfxhLSnrwRr4elSSg==}
    engines: {node: '>=0.10.0'}

  is-number@7.0.0:
    resolution: {integrity: sha512-41Cifkg6e8TylSpdtTpeLVMqvSBEVzTttHvERD741+pnZ8ANv0004MRL43QKPDlK9cGvNp6NZWZUBlbGXYxxng==}
    engines: {node: '>=0.12.0'}

  lit-element@4.2.2:
    resolution: {integrity: sha512-aFKhNToWxoyhkNDmWZwEva2SlQia+jfG0fjIWV//YeTaWrVnOxD89dPKfigCUspXFmjzOEUQpOkejH5Ly6sG0w==}

  lit-html@3.3.3:
    resolution: {integrity: sha512-el8M6jK2o3RXBnrSHX3ZKrsN8zEV63pSExTO1wYJz7QndGYZ8353e2a5PPX+qHe2aGayfnchQmkAojaWAREOIA==}

  lit@3.3.3:
    resolution: {integrity: sha512-fycuvZg/hkpozL00lm1pEJH5nN/lr9ZXd6mJI2HSN4+Bzc+LDNdEApJ6HFbPkdFNHLvOplIIuJvxkS4XUxqirw==}

  nanoid@3.3.19:
    resolution: {integrity: sha512-Y2tUNy4ouw6tq5oDSKeQYGOyhkUBhNOcGV/02KC+6kd9eDGqdZd++mjMiIDilrBYvjEnCYvVtsuHCuP+okSfug==}
    engines: {node: ^10 || ^12 || ^13.7 || ^14 || >=15.0.1}
    hasBin: true

  normalize-path@3.0.0:
    resolution: {integrity: sha512-6eZs5Ls3WtCisHWp9S2GUy8dqkpGi4BVSz3GaqiE6ezub0512ESztXUwUB6C6IKbQkY2Pnb/mD4WYojCRwcwLA==}
    engines: {node: '>=0.10.0'}

  path-data-parser@0.1.0:
    resolution: {integrity: sha512-NOnmBpt5Y2RWbuv0LMzsayp3lVylAHLPUTut412ZA3l+C4uw4ZVkQbjShYCQ8TCpUMdPapr4YjUqLYD6v68j+w==}

  perfect-freehand@1.2.0:
    resolution: {integrity: sha512-h/0ikF1M3phW7CwpZ5MMvKnfpHficWoOEyr//KVNTxV4F6deRK1eYMtHyBKEAKFK0aXIEUK9oBvlF6PNXMDsAw==}

  picocolors@1.1.1:
    resolution: {integrity: sha512-xceH2snhtb5M9liqDsmEw56le376mTZkEX/jEb/RxNFyegNul7eNslCXP9FDj/Lcu0X8KEyMceP2ntpaHrDEVA==}

  picomatch@2.3.2:
    resolution: {integrity: sha512-V7+vQEJ06Z+c5tSye8S+nHUfI51xoXIXjHQ99cQtKUkQqqO1kO/KCJUfZXuB47h/YBlDhah2H3hdUGXn8ie0oA==}
    engines: {node: '>=8.6'}

  png-chunk-text@1.0.0:
    resolution: {integrity: sha512-DEROKU3SkkLGWNMzru3xPVgxyd48UGuMSZvioErCure6yhOc/pRH2ZV+SEn7nmaf7WNf3NdIpH+UTrRdKyq9Lw==}

  png-chunks-encode@1.0.0:
    resolution: {integrity: sha512-J1jcHgbQRsIIgx5wxW9UmCymV3wwn4qCCJl6KYgEU/yHCh/L2Mwq/nMOkRPtmV79TLxRZj5w3tH69pvygFkDqA==}

  png-chunks-extract@1.0.0:
    resolution: {integrity: sha512-ZiVwF5EJ0DNZyzAqld8BP1qyJBaGOFaq9zl579qfbkcmOwWLLO4I9L8i2O4j3HkI6/35i0nKG2n+dZplxiT89Q==}

  points-on-curve@0.2.0:
    resolution: {integrity: sha512-0mYKnYYe9ZcqMCWhUjItv/oHjvgEsfKvnUTg8sAtnHr3GVy7rGkXCb6d5cSyqrWqL4k81b9CPg3urd+T7aop3A==}

  points-on-path@0.2.1:
    resolution: {integrity: sha512-25ClnWWuw7JbWZcgqY/gJ4FQWadKxGWk+3kR/7kD0tCaDtPPMj7oHu2ToLaVhfpnHrZzYby2w6tUA0eOIuUg8g==}

  postcss@8.5.28:
    resolution: {integrity: sha512-RRuzqDtt5Y9h3quz5hWhK+TPnsmVs6WwSU6LkJMeY4HstUEDuYTG8UJSdawMRzmzAtV+KEoG8N3Qg2qLy5vM/A==}
    engines: {node: ^10 || ^12 || >=14}

  readdirp@3.6.0:
    resolution: {integrity: sha512-hOS089on8RduqdbhvQ5Z37A0ESjsqz6qnRcffsMU3495FuTdqSm+7bhJ29JvIOsBDEEnan5DPu9t3To9VRlMzA==}
    engines: {node: '>=8.10.0'}

  rollup@4.63.2:
    resolution: {integrity: sha512-l5eyksV4tPBj6lJyEa37YzIOCSOV7lkZzEHUdpjWZbtD7wTcFYmEYXSgm5bT4vV+dZLb9rBG1W9GROOG4NS4Ew==}
    engines: {node: '>=18.0.0', npm: '>=8.0.0'}
    hasBin: true

  roughjs@4.6.4:
    resolution: {integrity: sha512-s6EZ0BntezkFYMf/9mGn7M8XGIoaav9QQBCnJROWB3brUWQ683Q2LbRD/hq0Z3bAJ/9NVpU/5LpiTWvQMyLDhw==}

  sass@1.51.0:
    resolution: {integrity: sha512-haGdpTgywJTvHC2b91GSq+clTKGbtkkZmVAb82jZQN/wTy6qs8DdFm2lhEQbEwrY0QDRgSQ3xDurqM977C3noA==}
    engines: {node: '>=12.0.0'}
    hasBin: true

  sliced@1.0.1:
    resolution: {integrity: sha512-VZBmZP8WU3sMOZm1bdgTadsQbcscK0UM8oKxKVBs4XAhUo2Xxzm/OFMGBkPusxw9xL3Uy8LrzEqGqJhclsr0yA==}
    deprecated: Unsupported

  source-map-js@1.2.1:
    resolution: {integrity: sha512-UXWMKhLOwVKb728IUtQPXxfYU+usdybtUrK/8uGE8CQMvrhOpwvzDBwj0QhSL7MQc7vIsISBG8VQ8+IDQxpfQA==}
    engines: {node: '>=0.10.0'}

  to-regex-range@5.0.1:
    resolution: {integrity: sha512-65P7iz6X5yEr1cwcgvQxbbIw7Uk3gOy5dIdtZ4rDveLqhrdJP+Li/Hx6tyK0NEb+2GCyneCMJiGqrADCSNk8sQ==}
    engines: {node: '>=8.0'}

  typescript@5.9.3:
    resolution: {integrity: sha512-jl1vZzPDinLr9eUt3J/t7V6FgNEw9QjvBPdysz9KfQDD41fQrC2Y4vKQdiaUpFT4bXlb1RHhLpp8wtm6M5TgSw==}
    engines: {node: '>=14.17'}
    hasBin: true

  vite@5.0.12:
    resolution: {integrity: sha512-4hsnEkG3q0N4Tzf1+t6NdN9dg/L3BM+q8SWgbSPnJvrgH2kgdyzfVJwbR1ic69/4uMJJ/3dqDZZE5/WwqW8U1w==}
    engines: {node: ^18.0.0 || >=20.0.0}
    hasBin: true
    peerDependencies:
      '@types/node': ^18.0.0 || >=20.0.0
      less: '*'
      lightningcss: ^1.21.0
      sass: '*'
      stylus: '*'
      sugarss: '*'
      terser: ^5.4.0
    peerDependenciesMeta:
      '@types/node':
        optional: true
      less:
        optional: true
      lightningcss:
        optional: true
      sass:
        optional: true
      stylus:
        optional: true
      sugarss:
        optional: true
      terser:
        optional: true

snapshots:

  '@esbuild/aix-ppc64@0.19.12':
    optional: true

  '@esbuild/android-arm64@0.19.12':
    optional: true

  '@esbuild/android-arm@0.19.12':
    optional: true

  '@esbuild/android-x64@0.19.12':
    optional: true

  '@esbuild/darwin-arm64@0.19.12':
    optional: true

  '@esbuild/darwin-x64@0.19.12':
    optional: true

  '@esbuild/freebsd-arm64@0.19.12':
    optional: true

  '@esbuild/freebsd-x64@0.19.12':
    optional: true

  '@esbuild/linux-arm64@0.19.12':
    optional: true

  '@esbuild/linux-arm@0.19.12':
    optional: true

  '@esbuild/linux-ia32@0.19.12':
    optional: true

  '@esbuild/linux-loong64@0.19.12':
    optional: true

  '@esbuild/linux-mips64el@0.19.12':
    optional: true

  '@esbuild/linux-ppc64@0.19.12':
    optional: true

  '@esbuild/linux-riscv64@0.19.12':
    optional: true

  '@esbuild/linux-s390x@0.19.12':
    optional: true

  '@esbuild/linux-x64@0.19.12':
    optional: true

  '@esbuild/netbsd-x64@0.19.12':
    optional: true

  '@esbuild/openbsd-x64@0.19.12':
    optional: true

  '@esbuild/sunos-x64@0.19.12':
    optional: true

  '@esbuild/win32-arm64@0.19.12':
    optional: true

  '@esbuild/win32-ia32@0.19.12':
    optional: true

  '@esbuild/win32-x64@0.19.12':
    optional: true

  '@excalidraw/common@0.18.0-4e471c107': {}

  '@excalidraw/element@0.18.0-4e471c107':
    dependencies:
      '@excalidraw/common': 0.18.0-4e471c107
      '@excalidraw/math': 0.18.0-4e471c107

  '@excalidraw/math@0.18.0-4e471c107':
    dependencies:
      '@excalidraw/common': 0.18.0-4e471c107

  '@lit-labs/ssr-dom-shim@1.6.0': {}

  '@lit/reactive-element@2.1.2':
    dependencies:
      '@lit-labs/ssr-dom-shim': 1.6.0

  '@napi-rs/lzma-linux-x64-gnu@1.5.1':
    optional: true

  '@rollup/rollup-android-arm-eabi@4.63.2':
    optional: true

  '@rollup/rollup-android-arm64@4.63.2':
    optional: true

  '@rollup/rollup-darwin-arm64@4.63.2':
    optional: true

  '@rollup/rollup-darwin-x64@4.63.2':
    optional: true

  '@rollup/rollup-freebsd-arm64@4.63.2':
    optional: true

  '@rollup/rollup-freebsd-x64@4.63.2':
    optional: true

  '@rollup/rollup-linux-arm-gnueabihf@4.63.2':
    optional: true

  '@rollup/rollup-linux-arm-musleabihf@4.63.2':
    optional: true

  '@rollup/rollup-linux-arm64-gnu@4.63.2':
    optional: true

  '@rollup/rollup-linux-arm64-musl@4.63.2':
    optional: true

  '@rollup/rollup-linux-loong64-gnu@4.63.2':
    optional: true

  '@rollup/rollup-linux-loong64-musl@4.63.2':
    optional: true

  '@rollup/rollup-linux-ppc64-gnu@4.63.2':
    optional: true

  '@rollup/rollup-linux-ppc64-musl@4.63.2':
    optional: true

  '@rollup/rollup-linux-riscv64-gnu@4.63.2':
    optional: true

  '@rollup/rollup-linux-riscv64-musl@4.63.2':
    optional: true

  '@rollup/rollup-linux-s390x-gnu@4.63.2':
    optional: true

  '@rollup/rollup-linux-x64-gnu@4.63.2':
    optional: true

  '@rollup/rollup-linux-x64-musl@4.63.2':
    optional: true

  '@rollup/rollup-openbsd-x64@4.63.2':
    optional: true

  '@rollup/rollup-openharmony-arm64@4.63.2':
    optional: true

  '@rollup/rollup-win32-arm64-msvc@4.63.2':
    optional: true

  '@rollup/rollup-win32-ia32-msvc@4.63.2':
    optional: true

  '@rollup/rollup-win32-x64-gnu@4.63.2':
    optional: true

  '@rollup/rollup-win32-x64-msvc@4.63.2':
    optional: true

  '@types/estree@1.0.9': {}

  '@types/trusted-types@2.0.7': {}

  anymatch@3.1.3:
    dependencies:
      normalize-path: 3.0.0
      picomatch: 2.3.2

  binary-extensions@2.3.0: {}

  braces@3.0.3:
    dependencies:
      fill-range: 7.1.1

  chokidar@3.6.0:
    dependencies:
      anymatch: 3.1.3
      braces: 3.0.3
      glob-parent: 5.1.2
      is-binary-path: 2.1.0
      is-glob: 4.0.3
      normalize-path: 3.0.0
      readdirp: 3.6.0
    optionalDependencies:
      fsevents: 2.3.3

  crc-32@0.3.0: {}

  esbuild@0.19.12:
    optionalDependencies:
      '@esbuild/aix-ppc64': 0.19.12
      '@esbuild/android-arm': 0.19.12
      '@esbuild/android-arm64': 0.19.12
      '@esbuild/android-x64': 0.19.12
      '@esbuild/darwin-arm64': 0.19.12
      '@esbuild/darwin-x64': 0.19.12
      '@esbuild/freebsd-arm64': 0.19.12
      '@esbuild/freebsd-x64': 0.19.12
      '@esbuild/linux-arm': 0.19.12
      '@esbuild/linux-arm64': 0.19.12
      '@esbuild/linux-ia32': 0.19.12
      '@esbuild/linux-loong64': 0.19.12
      '@esbuild/linux-mips64el': 0.19.12
      '@esbuild/linux-ppc64': 0.19.12
      '@esbuild/linux-riscv64': 0.19.12
      '@esbuild/linux-s390x': 0.19.12
      '@esbuild/linux-x64': 0.19.12
      '@esbuild/netbsd-x64': 0.19.12
      '@esbuild/openbsd-x64': 0.19.12
      '@esbuild/sunos-x64': 0.19.12
      '@esbuild/win32-arm64': 0.19.12
      '@esbuild/win32-ia32': 0.19.12
      '@esbuild/win32-x64': 0.19.12

  fill-range@7.1.1:
    dependencies:
      to-regex-range: 5.0.1

  fsevents@2.3.3:
    optional: true

  glob-parent@5.1.2:
    dependencies:
      is-glob: 4.0.3

  hachure-fill@0.5.2: {}

  immutable@4.3.9: {}

  is-binary-path@2.1.0:
    dependencies:
      binary-extensions: 2.3.0

  is-extglob@2.1.1: {}

  is-glob@4.0.3:
    dependencies:
      is-extglob: 2.1.1

  is-number@7.0.0: {}

  lit-element@4.2.2:
    dependencies:
      '@lit-labs/ssr-dom-shim': 1.6.0
      '@lit/reactive-element': 2.1.2
      lit-html: 3.3.3

  lit-html@3.3.3:
    dependencies:
      '@types/trusted-types': 2.0.7

  lit@3.3.3:
    dependencies:
      '@lit/reactive-element': 2.1.2
      lit-element: 4.2.2
      lit-html: 3.3.3

  nanoid@3.3.19: {}

  normalize-path@3.0.0: {}

  path-data-parser@0.1.0: {}

  perfect-freehand@1.2.0: {}

  picocolors@1.1.1: {}

  picomatch@2.3.2: {}

  png-chunk-text@1.0.0: {}

  png-chunks-encode@1.0.0:
    dependencies:
      crc-32: 0.3.0
      sliced: 1.0.1

  png-chunks-extract@1.0.0:
    dependencies:
      crc-32: 0.3.0

  points-on-curve@0.2.0: {}

  points-on-path@0.2.1:
    dependencies:
      path-data-parser: 0.1.0
      points-on-curve: 0.2.0

  postcss@8.5.28:
    dependencies:
      nanoid: 3.3.19
      picocolors: 1.1.1
      source-map-js: 1.2.1

  readdirp@3.6.0:
    dependencies:
      picomatch: 2.3.2

  rollup@4.63.2:
    dependencies:
      '@types/estree': 1.0.9
    optionalDependencies:
      '@napi-rs/lzma-linux-x64-gnu': 1.5.1
      '@rollup/rollup-android-arm-eabi': 4.63.2
      '@rollup/rollup-android-arm64': 4.63.2
      '@rollup/rollup-darwin-arm64': 4.63.2
      '@rollup/rollup-darwin-x64': 4.63.2
      '@rollup/rollup-freebsd-arm64': 4.63.2
      '@rollup/rollup-freebsd-x64': 4.63.2
      '@rollup/rollup-linux-arm-gnueabihf': 4.63.2
      '@rollup/rollup-linux-arm-musleabihf': 4.63.2
      '@rollup/rollup-linux-arm64-gnu': 4.63.2
      '@rollup/rollup-linux-arm64-musl': 4.63.2
      '@rollup/rollup-linux-loong64-gnu': 4.63.2
      '@rollup/rollup-linux-loong64-musl': 4.63.2
      '@rollup/rollup-linux-ppc64-gnu': 4.63.2
      '@rollup/rollup-linux-ppc64-musl': 4.63.2
      '@rollup/rollup-linux-riscv64-gnu': 4.63.2
      '@rollup/rollup-linux-riscv64-musl': 4.63.2
      '@rollup/rollup-linux-s390x-gnu': 4.63.2
      '@rollup/rollup-linux-x64-gnu': 4.63.2
      '@rollup/rollup-linux-x64-musl': 4.63.2
      '@rollup/rollup-openbsd-x64': 4.63.2
      '@rollup/rollup-openharmony-arm64': 4.63.2
      '@rollup/rollup-win32-arm64-msvc': 4.63.2
      '@rollup/rollup-win32-ia32-msvc': 4.63.2
      '@rollup/rollup-win32-x64-gnu': 4.63.2
      '@rollup/rollup-win32-x64-msvc': 4.63.2
      fsevents: 2.3.3

  roughjs@4.6.4:
    dependencies:
      hachure-fill: 0.5.2
      path-data-parser: 0.1.0
      points-on-curve: 0.2.0
      points-on-path: 0.2.1

  sass@1.51.0:
    dependencies:
      chokidar: 3.6.0
      immutable: 4.3.9
      source-map-js: 1.2.1

  sliced@1.0.1: {}

  source-map-js@1.2.1: {}

  to-regex-range@5.0.1:
    dependencies:
      is-number: 7.0.0

  typescript@5.9.3: {}

  vite@5.0.12(sass@1.51.0):
    dependencies:
      esbuild: 0.19.12
      postcss: 8.5.28
      rollup: 4.63.2
    optionalDependencies:
      fsevents: 2.3.3
      sass: 1.51.0
